// !$*UTF8*$!
{
	archiveVersion = 1;
	classes = {
	};
	objectVersion = 46;
	objects = {

/* Begin PBXBuildFile section */
		1098D8BB03C241EFB05D3C39 /* libPods-snapshotExperimentTests.a in Frameworks */ = {isa = PBXBuildFile; fileRef = F1140A4D6C8E8D250F172E88 /* libPods-snapshotExperimentTests.a */; };
		CD2258051AE429F8000B2C1E /* main.m in Sources */ = {isa = PBXBuildFile; fileRef = CD2258041AE429F8000B2C1E /* main.m */; };
		CD2258081AE429F8000B2C1E /* AppDelegate.m in Sources */ = {isa = PBXBuildFile; fileRef = CD2258071AE429F8000B2C1E /* AppDelegate.m */; };
		CD22580B1AE429F8000B2C1E /* ViewController.m in Sources */ = {isa = PBXBuildFile; fileRef = CD22580A1AE429F8000B2C1E /* ViewController.m */; };
		CD22580E1AE429F8000B2C1E /* Main.storyboard in Resources */ = {isa = PBXBuildFile; fileRef = CD22580C1AE429F8000B2C1E /* Main.storyboard */; };
		CD2258101AE429F8000B2C1E /* Images.xcassets in Resources */ = {isa = PBXBuildFile; fileRef = CD22580F1AE429F8000B2C1E /* Images.xcassets */; };
		CD2258131AE429F8000B2C1E /* LaunchScreen.xib in Resources */ = {isa = PBXBuildFile; fileRef = CD2258111AE429F8000B2C1E /* LaunchScreen.xib */; };
		CD22581F1AE429F8000B2C1E /* snapshotExperimentTests.m in Sources */ = {isa = PBXBuildFile; fileRef = CD22581E1AE429F8000B2C1E /* snapshotExperimentTests.m */; };
/* End PBXBuildFile section */

/* Begin PBXContainerItemProxy section */
		CD2258191AE429F8000B2C1E /* PBXContainerItemProxy */ = {
			isa = PBXContainerItemProxy;
			containerPortal = CD2257F71AE429F8000B2C1E /* Project object */;
			proxyType = 1;
			remoteGlobalIDString = CD2257FE1AE429F8000B2C1E;
			remoteInfo = snapshotExperiment;
		};
/* End PBXContainerItemProxy section */

/* Begin PBXFileReference section */
		8B54D772F33936BB3D57916D /* Pods-snapshotExperimentTests.debug.xcconfig */ = {isa = PBXFileReference; includeInIndex = 1; lastKnownFileType = text.xcconfig; name = "Pods-snapshotExperimentTests.debug.xcconfig"; path = "Pods/Target Support Files/Pods-snapshotExperimentTests/Pods-snapshotExperimentTests.debug.xcconfig"; sourceTree = "<group>"; };
		BFDE20B81A5AB88C997462F2 /* Pods-snapshotExperimentTests.release.xcconfig */ = {isa = PBXFileReference; includeInIndex = 1; lastKnownFileType = text.xcconfig; name = "Pods-snapshotExperimentTests.release.xcconfig"; path = "Pods/Target Support Files/Pods-snapshotExperimentTests/Pods-snapshotExperimentTests.release.xcconfig"; sourceTree = "<group>"; };
		CD2257FF1AE429F8000B2C1E /* snapshotExperiment.app */ = {isa = PBXFileReference; explicitFileType = wrapper.application; includeInIndex = 0; path = snapshotExperiment.app; sourceTree = BUILT_PRODUCTS_DIR; };
		CD2258031AE429F8000B2C1E /* Info.plist */ = {isa = PBXFileReference; lastKnownFileType = text.plist.xml; path = Info.plist; sourceTree = "<group>"; };
		CD2258041AE429F8000B2C1E /* main.m */ = {isa = PBXFileReference; lastKnownFileType = sourcecode.c.objc; path = main.m; sourceTree = "<group>"; };
		CD2258061AE429F8000B2C1E /* AppDelegate.h */ = {isa = PBXFileReference; lastKnownFileType = sourcecode.c.h; path = AppDelegate.h; sourceTree = "<group>"; };
		CD2258071AE429F8000B2C1E /* AppDelegate.m */ = {isa = PBXFileReference; lastKnownFileType = sourcecode.c.objc; path = AppDelegate.m; sourceTree = "<group>"; };
		CD2258091AE429F8000B2C1E /* ViewController.h */ = {isa = PBXFileReference; lastKnownFileType = sourcecode.c.h; path = ViewController.h; sourceTree = "<group>"; };
		CD22580A1AE429F8000B2C1E /* ViewController.m */ = {isa = PBXFileReference; lastKnownFileType = sourcecode.c.objc; path = ViewController.m; sourceTree = "<group>"; };
		CD22580D1AE429F8000B2C1E /* Base */ = {isa = PBXFileReference; lastKnownFileType = file.storyboard; name = Base; path = Base.lproj/Main.storyboard; sourceTree = "<group>"; };
		CD22580F1AE429F8000B2C1E /* Images.xcassets */ = {isa = PBXFileReference; lastKnownFileType = folder.assetcatalog; path = Images.xcassets; sourceTree = "<group>"; };
		CD2258121AE429F8000B2C1E /* Base */ = {isa = PBXFileReference; lastKnownFileType = file.xib; name = Base; path = Base.lproj/LaunchScreen.xib; sourceTree = "<group>"; };
		CD2258181AE429F8000B2C1E /* snapshotExperimentTests.xctest */ = {isa = PBXFileReference; explicitFileType = wrapper.cfbundle; includeInIndex = 0; path = snapshotExperimentTests.xctest; sourceTree = BUILT_PRODUCTS_DIR; };
		CD22581D1AE429F8000B2C1E /* Info.plist */ = {isa = PBXFileReference; lastKnownFileType = text.plist.xml; path = Info.plist; sourceTree = "<group>"; };
		CD22581E1AE429F8000B2C1E /* snapshotExperimentTests.m */ = {isa = PBXFileReference; lastKnownFileType = sourcecode.c.objc; path = snapshotExperimentTests.m; sourceTree = "<group>"; };
		F1140A4D6C8E8D250F172E88 /* libPods-snapshotExperimentTests.a */ = {isa = PBXFileReference; explicitFileType = archive.ar; includeInIndex = 0; path = "libPods-snapshotExperimentTests.a"; sourceTree = BUILT_PRODUCTS_DIR; };
/* End PBXFileReference section */

/* Begin PBXFrameworksBuildPhase section */
		CD2257FC1AE429F8000B2C1E /* Frameworks */ = {
			isa = PBXFrameworksBuildPhase;
			buildActionMask = 2147483647;
			files = (
			);
			runOnlyForDeploymentPostprocessing = 0;
		};
		CD2258151AE429F8000B2C1E /* Frameworks */ = {
			isa = PBXFrameworksBuildPhase;
			buildActionMask = 2147483647;
			files = (
				1098D8BB03C241EFB05D3C39 /* libPods-snapshotExperimentTests.a in Frameworks */,
			);
			runOnlyForDeploymentPostprocessing = 0;
		};
/* End PBXFrameworksBuildPhase section */

/* Begin PBXGroup section */
		9C4413F58DFC1DDC4AF11EFC /* Pods */ = {
			isa = PBXGroup;
			children = (
				8B54D772F33936BB3D57916D /* Pods-snapshotExperimentTests.debug.xcconfig */,
				BFDE20B81A5AB88C997462F2 /* Pods-snapshotExperimentTests.release.xcconfig */,
			);
			name = Pods;
			sourceTree = "<group>";
		};
		CD2257F61AE429F8000B2C1E = {
			isa = PBXGroup;
			children = (
				CD2258011AE429F8000B2C1E /* snapshotExperiment */,
				CD22581B1AE429F8000B2C1E /* snapshotExperimentTests */,
				CD2258001AE429F8000B2C1E /* Products */,
				9C4413F58DFC1DDC4AF11EFC /* Pods */,
				F16868CA296CB87515200525 /* Frameworks */,
			);
			sourceTree = "<group>";
		};
		CD2258001AE429F8000B2C1E /* Products */ = {
			isa = PBXGroup;
			children = (
				CD2257FF1AE429F8000B2C1E /* snapshotExperiment.app */,
				CD2258181AE429F8000B2C1E /* snapshotExperimentTests.xctest */,
			);
			name = Products;
			sourceTree = "<group>";
		};
		CD2258011AE429F8000B2C1E /* snapshotExperiment */ = {
			isa = PBXGroup;
			children = (
				CD2258061AE429F8000B2C1E /* AppDelegate.h */,
				CD2258071AE429F8000B2C1E /* AppDelegate.m */,
				CD2258091AE429F8000B2C1E /* ViewController.h */,
				CD22580A1AE429F8000B2C1E /* ViewController.m */,
				CD22580C1AE429F8000B2C1E /* Main.storyboard */,
				CD22580F1AE429F8000B2C1E /* Images.xcassets */,
				CD2258111AE429F8000B2C1E /* LaunchScreen.xib */,
				CD2258021AE429F8000B2C1E /* Supporting Files */,
			);
			path = snapshotExperiment;
			sourceTree = "<group>";
		};
		CD2258021AE429F8000B2C1E /* Supporting Files */ = {
			isa = PBXGroup;
			children = (
				CD2258031AE429F8000B2C1E /* Info.plist */,
				CD2258041AE429F8000B2C1E /* main.m */,
			);
			name = "Supporting Files";
			sourceTree = "<group>";
		};
		CD22581B1AE429F8000B2C1E /* snapshotExperimentTests */ = {
			isa = PBXGroup;
			children = (
				CD22581E1AE429F8000B2C1E /* snapshotExperimentTests.m */,
				CD22581C1AE429F8000B2C1E /* Supporting Files */,
			);
			path = snapshotExperimentTests;
			sourceTree = "<group>";
		};
		CD22581C1AE429F8000B2C1E /* Supporting Files */ = {
			isa = PBXGroup;
			children = (
				CD22581D1AE429F8000B2C1E /* Info.plist */,
			);
			name = "Supporting Files";
			sourceTree = "<group>";
		};
		F16868CA296CB87515200525 /* Frameworks */ = {
			isa = PBXGroup;
			children = (
				F1140A4D6C8E8D250F172E88 /* libPods-snapshotExperimentTests.a */,
			);
			name = Frameworks;
			sourceTree = "<group>";
		};
/* End PBXGroup section */

/* Begin PBXNativeTarget section */
		CD2257FE1AE429F8000B2C1E /* snapshotExperiment */ = {
			isa = PBXNativeTarget;
			buildConfigurationList = CD2258221AE429F8000B2C1E /* Build configuration list for PBXNativeTarget "snapshotExperiment" */;
			buildPhases = (
				CD2257FB1AE429F8000B2C1E /* Sources */,
				CD2257FC1AE429F8000B2C1E /* Frameworks */,
				CD2257FD1AE429F8000B2C1E /* Resources */,
			);
			buildRules = (
			);
			dependencies = (
			);
			name = snapshotExperiment;
			productName = snapshotExperiment;
			productReference = CD2257FF1AE429F8000B2C1E /* snapshotExperiment.app */;
			productType = "com.apple.product-type.application";
		};
		CD2258171AE429F8000B2C1E /* snapshotExperimentTests */ = {
			isa = PBXNativeTarget;
			buildConfigurationList = CD2258251AE429F8000B2C1E /* Build configuration list for PBXNativeTarget "snapshotExperimentTests" */;
			buildPhases = (
				BB08831E546E5DE61218781B /* Check Pods Manifest.lock */,
				CD2258141AE429F8000B2C1E /* Sources */,
				CD2258151AE429F8000B2C1E /* Frameworks */,
				CD2258161AE429F8000B2C1E /* Resources */,
				19FD9C06BC96D2899E4ECB96 /* Copy Pods Resources */,
			);
			buildRules = (
			);
			dependencies = (
				CD22581A1AE429F8000B2C1E /* PBXTargetDependency */,
			);
			name = snapshotExperimentTests;
			productName = snapshotExperimentTests;
			productReference = CD2258181AE429F8000B2C1E /* snapshotExperimentTests.xctest */;
			productType = "com.apple.product-type.bundle.unit-test";
		};
/* End PBXNativeTarget section */

/* Begin PBXProject section */
		CD2257F71AE429F8000B2C1E /* Project object */ = {
			isa = PBXProject;
			attributes = {
				LastUpgradeCheck = 0630;
				ORGANIZATIONNAME = Lyst;
				TargetAttributes = {
					CD2257FE1AE429F8000B2C1E = {
						CreatedOnToolsVersion = 6.3;
					};
					CD2258171AE429F8000B2C1E = {
						CreatedOnToolsVersion = 6.3;
						TestTargetID = CD2257FE1AE429F8000B2C1E;
					};
				};
			};
			buildConfigurationList = CD2257FA1AE429F8000B2C1E /* Build configuration list for PBXProject "snapshotExperiment" */;
			compatibilityVersion = "Xcode 3.2";
			developmentRegion = English;
			hasScannedForEncodings = 0;
			knownRegions = (
				en,
				Base,
			);
			mainGroup = CD2257F61AE429F8000B2C1E;
			productRefGroup = CD2258001AE429F8000B2C1E /* Products */;
			projectDirPath = "";
			projectRoot = "";
			targets = (
				CD2257FE1AE429F8000B2C1E /* snapshotExperiment */,
				CD2258171AE429F8000B2C1E /* snapshotExperimentTests */,
			);
		};
/* End PBXProject section */

/* Begin PBXResourcesBuildPhase section */
		CD2257FD1AE429F8000B2C1E /* Resources */ = {
			isa = PBXResourcesBuildPhase;
			buildActionMask = 2147483647;
			files = (
				CD22580E1AE429F8000B2C1E /* Main.storyboard in Resources */,
				CD2258131AE429F8000B2C1E /* LaunchScreen.xib in Resources */,
				CD2258101AE429F8000B2C1E /* Images.xcassets in Resources */,
			);
			runOnlyForDeploymentPostprocessing = 0;
		};
		CD2258161AE429F8000B2C1E /* Resources */ = {
			isa = PBXResourcesBuildPhase;
			buildActionMask = 2147483647;
			files = (
			);
			runOnlyForDeploymentPostprocessing = 0;
		};
/* End PBXResourcesBuildPhase section */

/* Begin PBXShellScriptBuildPhase section */
		19FD9C06BC96D2899E4ECB96 /* Copy Pods Resources */ = {
			isa = PBXShellScriptBuildPhase;
			buildActionMask = 2147483647;
			files = (
			);
			inputPaths = (
			);
			name = "Copy Pods Resources";
			outputPaths = (
			);
			runOnlyForDeploymentPostprocessing = 0;
			shellPath = /bin/sh;
			shellScript = "\"${SRCROOT}/Pods/Target Support Files/Pods-snapshotExperimentTests/Pods-snapshotExperimentTests-resources.sh\"\n";
			showEnvVarsInLog = 0;
		};
		BB08831E546E5DE61218781B /* Check Pods Manifest.lock */ = {
			isa = PBXShellScriptBuildPhase;
			buildActionMask = 2147483647;
			files = (
			);
			inputPaths = (
			);
			name = "Check Pods Manifest.lock";
			outputPaths = (
			);
			runOnlyForDeploymentPostprocessing = 0;
			shellPath = /bin/sh;
			shellScript = "diff \"${PODS_ROOT}/../Podfile.lock\" \"${PODS_ROOT}/Manifest.lock\" > /dev/null\nif [[ $? != 0 ]] ; then\n    cat << EOM\nerror: The sandbox is not in sync with the Podfile.lock. Run 'pod install' or update your CocoaPods installation.\nEOM\n    exit 1\nfi\n";
			showEnvVarsInLog = 0;
		};
/* End PBXShellScriptBuildPhase section */

/* Begin PBXSourcesBuildPhase section */
		CD2257FB1AE429F8000B2C1E /* Sources */ = {
			isa = PBXSourcesBuildPhase;
			buildActionMask = 2147483647;
			files = (
				CD22580B1AE429F8000B2C1E /* ViewController.m in Sources */,
				CD2258081AE429F8000B2C1E /* AppDelegate.m in Sources */,
				CD2258051AE429F8000B2C1E /* main.m in Sources */,
			);
			runOnlyForDeploymentPostprocessing = 0;
		};
		CD2258141AE429F8000B2C1E /* Sources */ = {
			isa = PBXSourcesBuildPhase;
			buildActionMask = 2147483647;
			files = (
				CD22581F1AE429F8000B2C1E /* snapshotExperimentTests.m in Sources */,
			);
			runOnlyForDeploymentPostprocessing = 0;
		};
/* End PBXSourcesBuildPhase section */

/* Begin PBXTargetDependency section */
		CD22581A1AE429F8000B2C1E /* PBXTargetDependency */ = {
			isa = PBXTargetDependency;
			target = CD2257FE1AE429F8000B2C1E /* snapshotExperiment */;
			targetProxy = CD2258191AE429F8000B2C1E /* PBXContainerItemProxy */;
		};
/* End PBXTargetDependency section */

/* Begin PBXVariantGroup section */
		CD22580C1AE429F8000B2C1E /* Main.storyboard */ = {
			isa = PBXVariantGroup;
			children = (
				CD22580D1AE429F8000B2C1E /* Base */,
			);
			name = Main.storyboard;
			sourceTree = "<group>";
		};
		CD2258111AE429F8000B2C1E /* LaunchScreen.xib */ = {
			isa = PBXVariantGroup;
			children = (
				CD2258121AE429F8000B2C1E /* Base */,
			);
			name = LaunchScreen.xib;
			sourceTree = "<group>";
		};
/* End PBXVariantGroup section */

/* Begin XCBuildConfiguration section */
		CD2258201AE429F8000B2C1E /* Debug */ = {
			isa = XCBuildConfiguration;
			buildSettings = {
				ALWAYS_SEARCH_USER_PATHS = NO;
				CLANG_CXX_LANGUAGE_STANDARD = "gnu++0x";
				CLANG_CXX_LIBRARY = "libc++";
				CLANG_ENABLE_MODULES = YES;
				CLANG_ENABLE_OBJC_ARC = YES;
				CLANG_WARN_BOOL_CONVERSION = YES;
				CLANG_WARN_CONSTANT_CONVERSION = YES;
				CLANG_WARN_DIRECT_OBJC_ISA_USAGE = YES_ERROR;
				CLANG_WARN_EMPTY_BODY = YES;
				CLANG_WARN_ENUM_CONVERSION = YES;
				CLANG_WARN_INT_CONVERSION = YES;
				CLANG_WARN_OBJC_ROOT_CLASS = YES_ERROR;
				CLANG_WARN_UNREACHABLE_CODE = YES;
				CLANG_WARN__DUPLICATE_METHOD_MATCH = YES;
				"CODE_SIGN_IDENTITY[sdk=iphoneos*]" = "iPhone Developer";
				COPY_PHASE_STRIP = NO;
				DEBUG_INFORMATION_FORMAT = "dwarf-with-dsym";
				ENABLE_STRICT_OBJC_MSGSEND = YES;
				GCC_C_LANGUAGE_STANDARD = gnu99;
				GCC_DYNAMIC_NO_PIC = NO;
				GCC_NO_COMMON_BLOCKS = YES;
				GCC_OPTIMIZATION_LEVEL = 0;
				GCC_PREPROCESSOR_DEFINITIONS = (
					"DEBUG=1",
					"$(inherited)",
				);
				GCC_SYMBOLS_PRIVATE_EXTERN = NO;
				GCC_WARN_64_TO_32_BIT_CONVERSION = YES;
				GCC_WARN_ABOUT_RETURN_TYPE = YES_ERROR;
				GCC_WARN_UNDECLARED_SELECTOR = YES;
				GCC_WARN_UNINITIALIZED_AUTOS = YES_AGGRESSIVE;
				GCC_WARN_UNUSED_FUNCTION = YES;
				GCC_WARN_UNUSED_VARIABLE = YES;
				IPHONEOS_DEPLOYMENT_TARGET = 8.3;
				MTL_ENABLE_DEBUG_INFO = YES;
				ONLY_ACTIVE_ARCH = YES;
				SDKROOT = iphoneos;
				TARGETED_DEVICE_FAMILY = "1,2";
			};
			name = Debug;
		};
		CD2258211AE429F8000B2C1E /* Release */ = {
			isa = XCBuildConfiguration;
			buildSettings = {
				ALWAYS_SEARCH_USER_PATHS = NO;
				CLANG_CXX_LANGUAGE_STANDARD = "gnu++0x";
				CLANG_CXX_LIBRARY = "libc++";
				CLANG_ENABLE_MODULES = YES;
				CLANG_ENABLE_OBJC_ARC = YES;
				CLANG_WARN_BOOL_CONVERSION = YES;
				CLANG_WARN_CONSTANT_CONVERSION = YES;
				CLANG_WARN_DIRECT_OBJC_ISA_USAGE = YES_ERROR;
				CLANG_WARN_EMPTY_BODY = YES;
				CLANG_WARN_ENUM_CONVERSION = YES;
				CLANG_WARN_INT_CONVERSION = YES;
				CLANG_WARN_OBJC_ROOT_CLASS = YES_ERROR;
				CLANG_WARN_UNREACHABLE_CODE = YES;
				CLANG_WARN__DUPLICATE_METHOD_MATCH = YES;
				"CODE_SIGN_IDENTITY[sdk=iphoneos*]" = "iPhone Developer";
				COPY_PHASE_STRIP = NO;
				DEBUG_INFORMATION_FORMAT = "dwarf-with-dsym";
				ENABLE_NS_ASSERTIONS = NO;
				ENABLE_STRICT_OBJC_MSGSEND = YES;
				GCC_C_LANGUAGE_STANDARD = gnu99;
				GCC_NO_COMMON_BLOCKS = YES;
				GCC_WARN_64_TO_32_BIT_CONVERSION = YES;
				GCC_WARN_ABOUT_RETURN_TYPE = YES_ERROR;
				GCC_WARN_UNDECLARED_SELECTOR = YES;
				GCC_WARN_UNINITIALIZED_AUTOS = YES_AGGRESSIVE;
				GCC_WARN_UNUSED_FUNCTION = YES;
				GCC_WARN_UNUSED_VARIABLE = YES;
				IPHONEOS_DEPLOYMENT_TARGET = 8.3;
				MTL_ENABLE_DEBUG_INFO = NO;
				SDKROOT = iphoneos;
				TARGETED_DEVICE_FAMILY = "1,2";
				VALIDATE_PRODUCT = YES;
			};
			name = Release;
		};
		CD2258231AE429F8000B2C1E /* Debug */ = {
			isa = XCBuildConfiguration;
			buildSettings = {
				ASSETCATALOG_COMPILER_APPICON_NAME = AppIcon;
				INFOPLIST_FILE = snapshotExperiment/Info.plist;
				LD_RUNPATH_SEARCH_PATHS = "$(inherited) @executable_path/Frameworks";
				PRODUCT_NAME = "$(TARGET_NAME)";
			};
			name = Debug;
		};
		CD2258241AE429F8000B2C1E /* Release */ = {
			isa = XCBuildConfiguration;
			buildSettings = {
				ASSETCATALOG_COMPILER_APPICON_NAME = AppIcon;
				INFOPLIST_FILE = snapshotExperiment/Info.plist;
				LD_RUNPATH_SEARCH_PATHS = "$(inherited) @executable_path/Frameworks";
				PRODUCT_NAME = "$(TARGET_NAME)";
			};
			name = Release;
		};
		CD2258261AE429F8000B2C1E /* Debug */ = {
			isa = XCBuildConfiguration;
			baseConfigurationReference = 8B54D772F33936BB3D57916D /* Pods-snapshotExperimentTests.debug.xcconfig */;
			buildSettings = {
				BUNDLE_LOADER = "$(TEST_HOST)";
				FRAMEWORK_SEARCH_PATHS = (
					"$(SDKROOT)/Developer/Library/Frameworks",
					"$(inherited)",
				);
				GCC_PREPROCESSOR_DEFINITIONS = (
					"DEBUG=1",
					"$(inherited)",
				);
				INFOPLIST_FILE = snapshotExperimentTests/Info.plist;
				LD_RUNPATH_SEARCH_PATHS = "$(inherited) @executable_path/Frameworks @loader_path/Frameworks";
				PRODUCT_NAME = "$(TARGET_NAME)";
				TEST_HOST = "$(BUILT_PRODUCTS_DIR)/snapshotExperiment.app/snapshotExperiment";
			};
			name = Debug;
		};
		CD2258271AE429F8000B2C1E /* Release */ = {
			isa = XCBuildConfiguration;
			baseConfigurationReference = BFDE20B81A5AB88C997462F2 /* Pods-snapshotExperimentTests.release.xcconfig */;
			buildSettings = {
				BUNDLE_LOADER = "$(TEST_HOST)";
				FRAMEWORK_SEARCH_PATHS = (
					"$(SDKROOT)/Developer/Library/Frameworks",
					"$(inherited)",
				);
				INFOPLIST_FILE = snapshotExperimentTests/Info.plist;
				LD_RUNPATH_SEARCH_PATHS = "$(inherited) @executable_path/Frameworks @loader_path/Frameworks";
				PRODUCT_NAME = "$(TARGET_NAME)";
				TEST_HOST = "$(BUILT_PRODUCTS_DIR)/snapshotExperiment.app/snapshotExperiment";
			};
			name = Release;
		};
/* End XCBuildConfiguration section */

/* Begin XCConfigurationList section */
		CD2257FA1AE429F8000B2C1E /* Build configuration list for PBXProject "snapshotExperiment" */ = {
			isa = XCConfigurationList;
			buildConfigurations = (
				CD2258201AE429F8000B2C1E /* Debug */,
				CD2258211AE429F8000B2C1E /* Release */,
			);
			defaultConfigurationIsVisible = 0;
			defaultConfigurationName = Release;
		};
		CD2258221AE429F8000B2C1E /* Build configuration list for PBXNativeTarget "snapshotExperiment" */ = {
			isa = XCConfigurationList;
			buildConfigurations = (
				CD2258231AE429F8000B2C1E /* Debug */,
				CD2258241AE429F8000B2C1E /* Release */,
			);
			defaultConfigurationIsVisible = 0;
			defaultConfigurationName = Release;
		};
		CD2258251AE429F8000B2C1E /* Build configuration list for PBXNativeTarget "snapshotExperimentTests" */ = {
			isa = XCConfigurationList;
			buildConfigurations = (
				CD2258261AE429F8000B2C1E /* Debug */,
				CD2258271AE429F8000B2C1E /* Release */,
			);
			defaultConfigurationIsVisible = 0;
			defaultConfigurationName = Release;
		};
/* End XCConfigurationList section */
	};
	rootObject = CD2257F71AE429F8000B2C1E /* Project object */;
}
